
Microsoft Visual Studio Solution File, Format Version 12.00
# Visual Studio Version 17
VisualStudioVersion = 17.1.32414.318
MinimumVisualStudioVersion = 10.0.40219.1
Project("{FAE04EC0-301F-11D3-BF4B-00C04F79EFBC}") = "Hausmeister", "Hausmeister\Hausmeister.csproj", "{E5DCC9E9-2A24-438A-BC23-6C753CF0AA4A}"
EndProject
Global
	GlobalSection(SolutionConfigurationPlatforms) = preSolution
		Debug|Any CPU = Debug|Any CPU
		Release|Any CPU = Release|Any CPU
	EndGlobalSection
	GlobalSection(ProjectConfigurationPlatforms) = postSolution
		{E5DCC9E9-2A24-438A-BC23-6C753CF0AA4A}.Debug|Any CPU.ActiveCfg = Debug|Any CPU
		{E5DCC9E9-2A24-438A-BC23-6C753CF0AA4A}.Debug|Any CPU.Build.0 = Debug|Any CPU
		{E5DCC9E9-2A24-438A-BC23-6C753CF0AA4A}.Release|Any CPU.ActiveCfg = Release|Any CPU
		{E5DCC9E9-2A24-438A-BC23-6C753CF0AA4A}.Release|Any CPU.Build.0 = Release|Any CPU
	EndGlobalSection
	GlobalSection(SolutionProperties) = preSolution
		HideSolutionNode = FALSE
	EndGlobalSection
	GlobalSection(ExtensibilityGlobals) = postSolution
		SolutionGuid = {34B43D74-702B-478B-A15C-14125F6A5317}
	EndGlobalSection
EndGlobal
